{
  "nodes": {
    "channels": {
      "inputs": {
        "nixpkgs": "nixpkgs"
      },
      "locked": {
        "path": "../../channels",
        "type": "path"
      },
      "original": {
        "path": "../../channels",
        "type": "path"
      },
      "parent": []
    },
    "nixpkgs": {
      "locked": {
        "lastModified": 1780180721,
        "narHash": "sha256-bHHvsVgzvOE0SKJn2OB7LDKuiOpdkXS/eVqTiJDNVBI=",
        "owner": "nixos",
        "repo": "nixpkgs",
        "rev": "9396caa0b59af6a17cac62008a72255b25e1e9a8",
        "type": "github"
      },
      "original": {
        "owner": "nixos",
        "ref": "nixpkgs-26.05-darwin",
        "repo": "nixpkgs",
        "type": "github"
      }
    },
    "root": {
      "inputs": {
        "channels": "channels",
        "nixpkgs": [
          "channels",
          "nixpkgs"
        ]
      }
    }
  },
  "root": "root",
  "version": 7
}
