{
  "nodes": {
    "nixpkgs": {
      "locked": {
        "lastModified": 1778111371,
        "narHash": "sha256-L3LdhmeKcBrMVxqeEHwfwA1FFVf40DDCAOV8S0+PlLc=",
        "owner": "nixos",
        "repo": "nixpkgs",
        "rev": "25b257cc037722030ae920bba7c167d4db554a10",
        "type": "github"
      },
      "original": {
        "owner": "nixos",
        "ref": "nixpkgs-25.11-darwin",
        "repo": "nixpkgs",
        "type": "github"
      }
    },
    "root": {
      "inputs": {
        "nixpkgs": "nixpkgs"
      }
    }
  },
  "root": "root",
  "version": 7
}
